
Microsoft Visual Studio Solution File, Format Version 12.00
# Visual Studio Version 17
VisualStudioVersion = 17.3.32922.545
MinimumVisualStudioVersion = 10.0.40219.1
Project("{FAE04EC0-301F-11D3-BF4B-00C04F79EFBC}") = "UI-PR-TASK6", "UI-PR-TASK6\UI-PR-TASK6.csproj", "{9E9C4456-6DB1-4F6A-9402-E8FE7C97EA2E}"
EndProject
Global
	GlobalSection(SolutionConfigurationPlatforms) = preSolution
		Debug|Any CPU = Debug|Any CPU
		Release|Any CPU = Release|Any CPU
	EndGlobalSection
	GlobalSection(ProjectConfigurationPlatforms) = postSolution
		{9E9C4456-6DB1-4F6A-9402-E8FE7C97EA2E}.Debug|Any CPU.ActiveCfg = Debug|Any CPU
		{9E9C4456-6DB1-4F6A-9402-E8FE7C97EA2E}.Debug|Any CPU.Build.0 = Debug|Any CPU
		{9E9C4456-6DB1-4F6A-9402-E8FE7C97EA2E}.Release|Any CPU.ActiveCfg = Release|Any CPU
		{9E9C4456-6DB1-4F6A-9402-E8FE7C97EA2E}.Release|Any CPU.Build.0 = Release|Any CPU
	EndGlobalSection
	GlobalSection(SolutionProperties) = preSolution
		HideSolutionNode = FALSE
	EndGlobalSection
	GlobalSection(ExtensibilityGlobals) = postSolution
		SolutionGuid = {94E134EB-1B76-4982-AE67-C9EB35456096}
	EndGlobalSection
EndGlobal
